{
    "_readme": [
        "This file locks the dependencies of your project to a known state",
        "Read more about it at https://getcomposer.org/doc/01-basic-usage.md#composer-lock-the-lock-file",
        "This file is @generated automatically"
    ],
    "hash": "95850ce1e40a0810239a8137c2be7aa2",
    "content-hash": "4b072267d5ea3dcb3f2120896e96a238",
    "packages": [
        {
            "name": "aydin-hassan/magento-core-composer-installer",
            "version": "1.3.0",
            "source": {
                "type": "git",
                "url": "https://github.com/AydinHassan/magento-core-composer-installer.git",
                "reference": "0c75cefa55595154a03a9c25f69a7a2fc1319be7"
            },
            "dist": {
                "type": "zip",
                "url": "https://api.github.com/repos/AydinHassan/magento-core-composer-installer/zipball/0c75cefa55595154a03a9c25f69a7a2fc1319be7",
                "reference": "0c75cefa55595154a03a9c25f69a7a2fc1319be7",
                "shasum": ""
            },
            "require": {
                "composer-plugin-api": "~1.0"
            },
            "require-dev": {
                "composer/composer": "~1.0@dev",
                "mikey179/vfsstream": "~1.4",
                "phpunit/phpunit": "~4.3",
                "squizlabs/php_codesniffer": "~1.5"
            },
            "type": "composer-plugin",
            "extra": {
                "class": "\\AydinHassan\\MagentoCoreComposerInstaller\\CoreManager"
            },
            "autoload": {
                "psr-4": {
                    "AydinHassan\\MagentoCoreComposerInstaller\\": "src/"
                }
            },
            "notification-url": "https://packagist.org/downloads/",
            "license": [
                "MIT"
            ],
            "authors": [
                {
                    "name": "Aydin Hassan",
                    "email": "aydin@hotmail.co.uk"
                }
            ],
            "description": "A composer plugin for managing Magento Core",
            "time": "2015-09-07 22:38:45"
        },
        {
            "name": "firegento/magento",
            "version": "v1.9.3.1",
            "source": {
                "type": "git",
                "url": "https://github.com/firegento/magento.git",
                "reference": "93562d3984380a76ba98ab4dee1ff2e51ec37b52"
            },
            "dist": {
                "type": "zip",
                "url": "https://api.github.com/repos/firegento/magento/zipball/93562d3984380a76ba98ab4dee1ff2e51ec37b52",
                "reference": "93562d3984380a76ba98ab4dee1ff2e51ec37b52",
                "shasum": ""
            },
            "type": "magento-core",
            "notification-url": "https://packagist.org/downloads/",
            "license": [
                "OSL-3.0",
                "AFL-3.0"
            ],
            "description": "Magento CE",
            "time": "2016-11-15 14:32:08"
        },
        {
            "name": "littlemanco/magento-prometheus",
            "version": "dev-master",
            "source": {
                "type": "git",
                "url": "https://github.com/littlemanco/magento-prometheus.git",
                "reference": "cd6ad42d733a2159bb7fb66f6e50ac2dfb12305c"
            },
            "dist": {
                "type": "zip",
                "url": "https://api.github.com/repos/littlemanco/magento-prometheus/zipball/cd6ad42d733a2159bb7fb66f6e50ac2dfb12305c",
                "reference": "cd6ad42d733a2159bb7fb66f6e50ac2dfb12305c",
                "shasum": ""
            },
            "archive": {
                "exclude": [
                    "test",
                    "hack",
                    "hooks",
                    ".arclint"
                ]
            },
            "type": "library",
            "autoload": {
                "psr-4": {
                    "littlemanco\\": "src/"
                }
            },
            "license": [
                "Apache-2.0"
            ],
            "authors": [
                {
                    "name": "Andrew Howden",
                    "email": "hello[at]andrewhowden.com",
                    "homepage": "https://www.andrewhowden.com/",
                    "role": "Developer"
                }
            ],
            "description": "Expose some service level Magento metrics on Prometheus",
            "homepage": "https://github.com/littlemanco/magento-prometheus/",
            "support": {
                "email": "hello[at]andrewhowden.com",
                "issues": "https://github.com/littlemanco/magento-prometheus/issues",
                "wiki": "https://github.com/littlemanco/magento-prometheus/wiki",
                "source": "https://github.com/littlemanco/magento-prometheus"
            },
            "time": "2016-11-27 16:48:44"
        }
    ],
    "packages-dev": [],
    "aliases": [],
    "minimum-stability": "stable",
    "stability-flags": {
        "littlemanco/magento-prometheus": 20
    },
    "prefer-stable": false,
    "prefer-lowest": false,
    "platform": [],
    "platform-dev": []
}
